// !$*UTF8*$!
{
	archiveVersion = 1;
	classes = {
	};
	objectVersion = 55;
	objects = {

/* Begin PBXBuildFile section */
		AF3375DA280EBC1C001EDF1C /* Model.swift in Sources */ = {isa = PBXBuildFile; fileRef = AF3375D9280EBC1C001EDF1C /* Model.swift */; };
		AF3375DC280EBCB9001EDF1C /* Shaders.metal in Sources */ = {isa = PBXBuildFile; fileRef = AF3375DB280EBCB9001EDF1C /* Shaders.metal */; };
		AF3375DF280EE48D001EDF1C /* train.mtl in Resources */ = {isa = PBXBuildFile; fileRef = AF3375DD280EE48D001EDF1C /* train.mtl */; };
		AF3375E0280EE48D001EDF1C /* train.obj in Resources */ = {isa = PBXBuildFile; fileRef = AF3375DE280EE48D001EDF1C /* train.obj */; };
		AF3375E4280EE513001EDF1C /* ModelRenderer.swift in Sources */ = {isa = PBXBuildFile; fileRef = AF3375E3280EE513001EDF1C /* ModelRenderer.swift */; };
		AF3375E6280EE8BD001EDF1C /* MTKModelViewVC.swift in Sources */ = {isa = PBXBuildFile; fileRef = AF3375E5280EE8BD001EDF1C /* MTKModelViewVC.swift */; };
		AFE3D28027FAF408000C76E0 /* AppDelegate.swift in Sources */ = {isa = PBXBuildFile; fileRef = AFE3D27F27FAF408000C76E0 /* AppDelegate.swift */; };
		AFE3D28227FAF408000C76E0 /* SceneDelegate.swift in Sources */ = {isa = PBXBuildFile; fileRef = AFE3D28127FAF408000C76E0 /* SceneDelegate.swift */; };
		AFE3D28427FAF408000C76E0 /* TriangleVC.swift in Sources */ = {isa = PBXBuildFile; fileRef = AFE3D28327FAF408000C76E0 /* TriangleVC.swift */; };
		AFE3D28927FAF409000C76E0 /* Assets.xcassets in Resources */ = {isa = PBXBuildFile; fileRef = AFE3D28827FAF409000C76E0 /* Assets.xcassets */; };
		AFE3D28C27FAF409000C76E0 /* LaunchScreen.storyboard in Resources */ = {isa = PBXBuildFile; fileRef = AFE3D28A27FAF409000C76E0 /* LaunchScreen.storyboard */; };
		AFE3D29427FAF9A0000C76E0 /* Shaders.metal in Sources */ = {isa = PBXBuildFile; fileRef = AFE3D29327FAF9A0000C76E0 /* Shaders.metal */; };
		AFE3D29727FB0770000C76E0 /* MainVC.swift in Sources */ = {isa = PBXBuildFile; fileRef = AFE3D29627FB0770000C76E0 /* MainVC.swift */; };
		AFE3D29A27FB0D3B000C76E0 /* General.swift in Sources */ = {isa = PBXBuildFile; fileRef = AFE3D29927FB0D3B000C76E0 /* General.swift */; };
		AFE3D29C27FB2101000C76E0 /* MTKViewVC.swift in Sources */ = {isa = PBXBuildFile; fileRef = AFE3D29B27FB2101000C76E0 /* MTKViewVC.swift */; };
		AFE3D29F27FB2CFA000C76E0 /* Renderer.swift in Sources */ = {isa = PBXBuildFile; fileRef = AFE3D29E27FB2CFA000C76E0 /* Renderer.swift */; };
		AFE3D2A127FB38B5000C76E0 /* Shaders.metal in Sources */ = {isa = PBXBuildFile; fileRef = AFE3D2A027FB38B5000C76E0 /* Shaders.metal */; };
		AFE3D2A327FBAD00000C76E0 /* MetalUtils.swift in Sources */ = {isa = PBXBuildFile; fileRef = AFE3D2A227FBAD00000C76E0 /* MetalUtils.swift */; };
/* End PBXBuildFile section */

/* Begin PBXFileReference section */
		AF3375D9280EBC1C001EDF1C /* Model.swift */ = {isa = PBXFileReference; lastKnownFileType = sourcecode.swift; path = Model.swift; sourceTree = "<group>"; };
		AF3375DB280EBCB9001EDF1C /* Shaders.metal */ = {isa = PBXFileReference; lastKnownFileType = sourcecode.metal; path = Shaders.metal; sourceTree = "<group>"; };
		AF3375DD280EE48D001EDF1C /* train.mtl */ = {isa = PBXFileReference; fileEncoding = 4; lastKnownFileType = text; path = train.mtl; sourceTree = "<group>"; };
		AF3375DE280EE48D001EDF1C /* train.obj */ = {isa = PBXFileReference; fileEncoding = 4; lastKnownFileType = text; path = train.obj; sourceTree = "<group>"; };
		AF3375E3280EE513001EDF1C /* ModelRenderer.swift */ = {isa = PBXFileReference; lastKnownFileType = sourcecode.swift; path = ModelRenderer.swift; sourceTree = "<group>"; };
		AF3375E5280EE8BD001EDF1C /* MTKModelViewVC.swift */ = {isa = PBXFileReference; lastKnownFileType = sourcecode.swift; path = MTKModelViewVC.swift; sourceTree = "<group>"; };
		AFE3D27C27FAF408000C76E0 /* MetalPlayground.app */ = {isa = PBXFileReference; explicitFileType = wrapper.application; includeInIndex = 0; path = MetalPlayground.app; sourceTree = BUILT_PRODUCTS_DIR; };
		AFE3D27F27FAF408000C76E0 /* AppDelegate.swift */ = {isa = PBXFileReference; lastKnownFileType = sourcecode.swift; path = AppDelegate.swift; sourceTree = "<group>"; };
		AFE3D28127FAF408000C76E0 /* SceneDelegate.swift */ = {isa = PBXFileReference; lastKnownFileType = sourcecode.swift; path = SceneDelegate.swift; sourceTree = "<group>"; };
		AFE3D28327FAF408000C76E0 /* TriangleVC.swift */ = {isa = PBXFileReference; lastKnownFileType = sourcecode.swift; path = TriangleVC.swift; sourceTree = "<group>"; };
		AFE3D28827FAF409000C76E0 /* Assets.xcassets */ = {isa = PBXFileReference; lastKnownFileType = folder.assetcatalog; path = Assets.xcassets; sourceTree = "<group>"; };
		AFE3D28B27FAF409000C76E0 /* Base */ = {isa = PBXFileReference; lastKnownFileType = file.storyboard; name = Base; path = Base.lproj/LaunchScreen.storyboard; sourceTree = "<group>"; };
		AFE3D28D27FAF409000C76E0 /* Info.plist */ = {isa = PBXFileReference; lastKnownFileType = text.plist.xml; path = Info.plist; sourceTree = "<group>"; };
		AFE3D29327FAF9A0000C76E0 /* Shaders.metal */ = {isa = PBXFileReference; lastKnownFileType = sourcecode.metal; path = Shaders.metal; sourceTree = "<group>"; };
		AFE3D29627FB0770000C76E0 /* MainVC.swift */ = {isa = PBXFileReference; lastKnownFileType = sourcecode.swift; path = MainVC.swift; sourceTree = "<group>"; };
		AFE3D29927FB0D3B000C76E0 /* General.swift */ = {isa = PBXFileReference; lastKnownFileType = sourcecode.swift; path = General.swift; sourceTree = "<group>"; };
		AFE3D29B27FB2101000C76E0 /* MTKViewVC.swift */ = {isa = PBXFileReference; lastKnownFileType = sourcecode.swift; path = MTKViewVC.swift; sourceTree = "<group>"; };
		AFE3D29E27FB2CFA000C76E0 /* Renderer.swift */ = {isa = PBXFileReference; lastKnownFileType = sourcecode.swift; path = Renderer.swift; sourceTree = "<group>"; };
		AFE3D2A027FB38B5000C76E0 /* Shaders.metal */ = {isa = PBXFileReference; lastKnownFileType = sourcecode.metal; path = Shaders.metal; sourceTree = "<group>"; };
		AFE3D2A227FBAD00000C76E0 /* MetalUtils.swift */ = {isa = PBXFileReference; lastKnownFileType = sourcecode.swift; path = MetalUtils.swift; sourceTree = "<group>"; };
/* End PBXFileReference section */

/* Begin PBXFrameworksBuildPhase section */
		AFE3D27927FAF408000C76E0 /* Frameworks */ = {
			isa = PBXFrameworksBuildPhase;
			buildActionMask = 2147483647;
			files = (
			);
			runOnlyForDeploymentPostprocessing = 0;
		};
/* End PBXFrameworksBuildPhase section */

/* Begin PBXGroup section */
		AF3375D8280EBC05001EDF1C /* Train */ = {
			isa = PBXGroup;
			children = (
				AF3375D9280EBC1C001EDF1C /* Model.swift */,
				AF3375DB280EBCB9001EDF1C /* Shaders.metal */,
				AF3375DD280EE48D001EDF1C /* train.mtl */,
				AF3375DE280EE48D001EDF1C /* train.obj */,
				AF3375E3280EE513001EDF1C /* ModelRenderer.swift */,
				AF3375E5280EE8BD001EDF1C /* MTKModelViewVC.swift */,
			);
			path = Train;
			sourceTree = "<group>";
		};
		AFE3D27327FAF408000C76E0 = {
			isa = PBXGroup;
			children = (
				AFE3D27E27FAF408000C76E0 /* MetalPlayground */,
				AFE3D27D27FAF408000C76E0 /* Products */,
			);
			sourceTree = "<group>";
		};
		AFE3D27D27FAF408000C76E0 /* Products */ = {
			isa = PBXGroup;
			children = (
				AFE3D27C27FAF408000C76E0 /* MetalPlayground.app */,
			);
			name = Products;
			sourceTree = "<group>";
		};
		AFE3D27E27FAF408000C76E0 /* MetalPlayground */ = {
			isa = PBXGroup;
			children = (
				AF3375D8280EBC05001EDF1C /* Train */,
				AFE3D29D27FB210C000C76E0 /* MTKViewDemo */,
				AFE3D29827FB0D2D000C76E0 /* Utils */,
				AFE3D29527FB070F000C76E0 /* TriangleDemo */,
				AFE3D27F27FAF408000C76E0 /* AppDelegate.swift */,
				AFE3D28127FAF408000C76E0 /* SceneDelegate.swift */,
				AFE3D28827FAF409000C76E0 /* Assets.xcassets */,
				AFE3D28A27FAF409000C76E0 /* LaunchScreen.storyboard */,
				AFE3D28D27FAF409000C76E0 /* Info.plist */,
				AFE3D29627FB0770000C76E0 /* MainVC.swift */,
			);
			path = MetalPlayground;
			sourceTree = "<group>";
		};
		AFE3D29527FB070F000C76E0 /* TriangleDemo */ = {
			isa = PBXGroup;
			children = (
				AFE3D28327FAF408000C76E0 /* TriangleVC.swift */,
				AFE3D29327FAF9A0000C76E0 /* Shaders.metal */,
			);
			path = TriangleDemo;
			sourceTree = "<group>";
		};
		AFE3D29827FB0D2D000C76E0 /* Utils */ = {
			isa = PBXGroup;
			children = (
				AFE3D29927FB0D3B000C76E0 /* General.swift */,
				AFE3D2A227FBAD00000C76E0 /* MetalUtils.swift */,
			);
			path = Utils;
			sourceTree = "<group>";
		};
		AFE3D29D27FB210C000C76E0 /* MTKViewDemo */ = {
			isa = PBXGroup;
			children = (
				AFE3D29B27FB2101000C76E0 /* MTKViewVC.swift */,
				AFE3D29E27FB2CFA000C76E0 /* Renderer.swift */,
				AFE3D2A027FB38B5000C76E0 /* Shaders.metal */,
			);
			path = MTKViewDemo;
			sourceTree = "<group>";
		};
/* End PBXGroup section */

/* Begin PBXNativeTarget section */
		AFE3D27B27FAF408000C76E0 /* MetalPlayground */ = {
			isa = PBXNativeTarget;
			buildConfigurationList = AFE3D29027FAF409000C76E0 /* Build configuration list for PBXNativeTarget "MetalPlayground" */;
			buildPhases = (
				AFE3D27827FAF408000C76E0 /* Sources */,
				AFE3D27927FAF408000C76E0 /* Frameworks */,
				AFE3D27A27FAF408000C76E0 /* Resources */,
			);
			buildRules = (
			);
			dependencies = (
			);
			name = MetalPlayground;
			productName = MetalPlayground;
			productReference = AFE3D27C27FAF408000C76E0 /* MetalPlayground.app */;
			productType = "com.apple.product-type.application";
		};
/* End PBXNativeTarget section */

/* Begin PBXProject section */
		AFE3D27427FAF408000C76E0 /* Project object */ = {
			isa = PBXProject;
			attributes = {
				BuildIndependentTargetsInParallel = 1;
				LastSwiftUpdateCheck = 1330;
				LastUpgradeCheck = 1330;
				TargetAttributes = {
					AFE3D27B27FAF408000C76E0 = {
						CreatedOnToolsVersion = 13.3;
					};
				};
			};
			buildConfigurationList = AFE3D27727FAF408000C76E0 /* Build configuration list for PBXProject "MetalPlayground" */;
			compatibilityVersion = "Xcode 13.0";
			developmentRegion = en;
			hasScannedForEncodings = 0;
			knownRegions = (
				en,
				Base,
			);
			mainGroup = AFE3D27327FAF408000C76E0;
			productRefGroup = AFE3D27D27FAF408000C76E0 /* Products */;
			projectDirPath = "";
			projectRoot = "";
			targets = (
				AFE3D27B27FAF408000C76E0 /* MetalPlayground */,
			);
		};
/* End PBXProject section */

/* Begin PBXResourcesBuildPhase section */
		AFE3D27A27FAF408000C76E0 /* Resources */ = {
			isa = PBXResourcesBuildPhase;
			buildActionMask = 2147483647;
			files = (
				AF3375E0280EE48D001EDF1C /* train.obj in Resources */,
				AFE3D28C27FAF409000C76E0 /* LaunchScreen.storyboard in Resources */,
				AFE3D28927FAF409000C76E0 /* Assets.xcassets in Resources */,
				AF3375DF280EE48D001EDF1C /* train.mtl in Resources */,
			);
			runOnlyForDeploymentPostprocessing = 0;
		};
/* End PBXResourcesBuildPhase section */

/* Begin PBXSourcesBuildPhase section */
		AFE3D27827FAF408000C76E0 /* Sources */ = {
			isa = PBXSourcesBuildPhase;
			buildActionMask = 2147483647;
			files = (
				AF3375DC280EBCB9001EDF1C /* Shaders.metal in Sources */,
				AFE3D29F27FB2CFA000C76E0 /* Renderer.swift in Sources */,
				AFE3D29A27FB0D3B000C76E0 /* General.swift in Sources */,
				AFE3D29427FAF9A0000C76E0 /* Shaders.metal in Sources */,
				AFE3D29C27FB2101000C76E0 /* MTKViewVC.swift in Sources */,
				AFE3D29727FB0770000C76E0 /* MainVC.swift in Sources */,
				AFE3D28427FAF408000C76E0 /* TriangleVC.swift in Sources */,
				AFE3D2A127FB38B5000C76E0 /* Shaders.metal in Sources */,
				AFE3D28027FAF408000C76E0 /* AppDelegate.swift in Sources */,
				AF3375DA280EBC1C001EDF1C /* Model.swift in Sources */,
				AFE3D28227FAF408000C76E0 /* SceneDelegate.swift in Sources */,
				AFE3D2A327FBAD00000C76E0 /* MetalUtils.swift in Sources */,
				AF3375E6280EE8BD001EDF1C /* MTKModelViewVC.swift in Sources */,
				AF3375E4280EE513001EDF1C /* ModelRenderer.swift in Sources */,
			);
			runOnlyForDeploymentPostprocessing = 0;
		};
/* End PBXSourcesBuildPhase section */

/* Begin PBXVariantGroup section */
		AFE3D28A27FAF409000C76E0 /* LaunchScreen.storyboard */ = {
			isa = PBXVariantGroup;
			children = (
				AFE3D28B27FAF409000C76E0 /* Base */,
			);
			name = LaunchScreen.storyboard;
			sourceTree = "<group>";
		};
/* End PBXVariantGroup section */

/* Begin XCBuildConfiguration section */
		AFE3D28E27FAF409000C76E0 /* Debug */ = {
			isa = XCBuildConfiguration;
			buildSettings = {
				ALWAYS_SEARCH_USER_PATHS = NO;
				CLANG_ANALYZER_NONNULL = YES;
				CLANG_ANALYZER_NUMBER_OBJECT_CONVERSION = YES_AGGRESSIVE;
				CLANG_CXX_LANGUAGE_STANDARD = "gnu++17";
				CLANG_ENABLE_MODULES = YES;
				CLANG_ENABLE_OBJC_ARC = YES;
				CLANG_ENABLE_OBJC_WEAK = YES;
				CLANG_WARN_BLOCK_CAPTURE_AUTORELEASING = YES;
				CLANG_WARN_BOOL_CONVERSION = YES;
				CLANG_WARN_COMMA = YES;
				CLANG_WARN_CONSTANT_CONVERSION = YES;
				CLANG_WARN_DEPRECATED_OBJC_IMPLEMENTATIONS = YES;
				CLANG_WARN_DIRECT_OBJC_ISA_USAGE = YES_ERROR;
				CLANG_WARN_DOCUMENTATION_COMMENTS = YES;
				CLANG_WARN_EMPTY_BODY = YES;
				CLANG_WARN_ENUM_CONVERSION = YES;
				CLANG_WARN_INFINITE_RECURSION = YES;
				CLANG_WARN_INT_CONVERSION = YES;
				CLANG_WARN_NON_LITERAL_NULL_CONVERSION = YES;
				CLANG_WARN_OBJC_IMPLICIT_RETAIN_SELF = YES;
				CLANG_WARN_OBJC_LITERAL_CONVERSION = YES;
				CLANG_WARN_OBJC_ROOT_CLASS = YES_ERROR;
				CLANG_WARN_QUOTED_INCLUDE_IN_FRAMEWORK_HEADER = YES;
				CLANG_WARN_RANGE_LOOP_ANALYSIS = YES;
				CLANG_WARN_STRICT_PROTOTYPES = YES;
				CLANG_WARN_SUSPICIOUS_MOVE = YES;
				CLANG_WARN_UNGUARDED_AVAILABILITY = YES_AGGRESSIVE;
				CLANG_WARN_UNREACHABLE_CODE = YES;
				CLANG_WARN__DUPLICATE_METHOD_MATCH = YES;
				COPY_PHASE_STRIP = NO;
				DEBUG_INFORMATION_FORMAT = dwarf;
				ENABLE_STRICT_OBJC_MSGSEND = YES;
				ENABLE_TESTABILITY = YES;
				GCC_C_LANGUAGE_STANDARD = gnu11;
				GCC_DYNAMIC_NO_PIC = NO;
				GCC_NO_COMMON_BLOCKS = YES;
				GCC_OPTIMIZATION_LEVEL = 0;
				GCC_PREPROCESSOR_DEFINITIONS = (
					"DEBUG=1",
					"$(inherited)",
				);
				GCC_WARN_64_TO_32_BIT_CONVERSION = YES;
				GCC_WARN_ABOUT_RETURN_TYPE = YES_ERROR;
				GCC_WARN_UNDECLARED_SELECTOR = YES;
				GCC_WARN_UNINITIALIZED_AUTOS = YES_AGGRESSIVE;
				GCC_WARN_UNUSED_FUNCTION = YES;
				GCC_WARN_UNUSED_VARIABLE = YES;
				IPHONEOS_DEPLOYMENT_TARGET = 13.0;
				MTL_ENABLE_DEBUG_INFO = INCLUDE_SOURCE;
				MTL_FAST_MATH = YES;
				ONLY_ACTIVE_ARCH = YES;
				SDKROOT = iphoneos;
				SWIFT_ACTIVE_COMPILATION_CONDITIONS = DEBUG;
				SWIFT_OPTIMIZATION_LEVEL = "-Onone";
			};
			name = Debug;
		};
		AFE3D28F27FAF409000C76E0 /* Release */ = {
			isa = XCBuildConfiguration;
			buildSettings = {
				ALWAYS_SEARCH_USER_PATHS = NO;
				CLANG_ANALYZER_NONNULL = YES;
				CLANG_ANALYZER_NUMBER_OBJECT_CONVERSION = YES_AGGRESSIVE;
				CLANG_CXX_LANGUAGE_STANDARD = "gnu++17";
				CLANG_ENABLE_MODULES = YES;
				CLANG_ENABLE_OBJC_ARC = YES;
				CLANG_ENABLE_OBJC_WEAK = YES;
				CLANG_WARN_BLOCK_CAPTURE_AUTORELEASING = YES;
				CLANG_WARN_BOOL_CONVERSION = YES;
				CLANG_WARN_COMMA = YES;
				CLANG_WARN_CONSTANT_CONVERSION = YES;
				CLANG_WARN_DEPRECATED_OBJC_IMPLEMENTATIONS = YES;
				CLANG_WARN_DIRECT_OBJC_ISA_USAGE = YES_ERROR;
				CLANG_WARN_DOCUMENTATION_COMMENTS = YES;
				CLANG_WARN_EMPTY_BODY = YES;
				CLANG_WARN_ENUM_CONVERSION = YES;
				CLANG_WARN_INFINITE_RECURSION = YES;
				CLANG_WARN_INT_CONVERSION = YES;
				CLANG_WARN_NON_LITERAL_NULL_CONVERSION = YES;
				CLANG_WARN_OBJC_IMPLICIT_RETAIN_SELF = YES;
				CLANG_WARN_OBJC_LITERAL_CONVERSION = YES;
				CLANG_WARN_OBJC_ROOT_CLASS = YES_ERROR;
				CLANG_WARN_QUOTED_INCLUDE_IN_FRAMEWORK_HEADER = YES;
				CLANG_WARN_RANGE_LOOP_ANALYSIS = YES;
				CLANG_WARN_STRICT_PROTOTYPES = YES;
				CLANG_WARN_SUSPICIOUS_MOVE = YES;
				CLANG_WARN_UNGUARDED_AVAILABILITY = YES_AGGRESSIVE;
				CLANG_WARN_UNREACHABLE_CODE = YES;
				CLANG_WARN__DUPLICATE_METHOD_MATCH = YES;
				COPY_PHASE_STRIP = NO;
				DEBUG_INFORMATION_FORMAT = "dwarf-with-dsym";
				ENABLE_NS_ASSERTIONS = NO;
				ENABLE_STRICT_OBJC_MSGSEND = YES;
				GCC_C_LANGUAGE_STANDARD = gnu11;
				GCC_NO_COMMON_BLOCKS = YES;
				GCC_WARN_64_TO_32_BIT_CONVERSION = YES;
				GCC_WARN_ABOUT_RETURN_TYPE = YES_ERROR;
				GCC_WARN_UNDECLARED_SELECTOR = YES;
				GCC_WARN_UNINITIALIZED_AUTOS = YES_AGGRESSIVE;
				GCC_WARN_UNUSED_FUNCTION = YES;
				GCC_WARN_UNUSED_VARIABLE = YES;
				IPHONEOS_DEPLOYMENT_TARGET = 13.0;
				MTL_ENABLE_DEBUG_INFO = NO;
				MTL_FAST_MATH = YES;
				SDKROOT = iphoneos;
				SWIFT_COMPILATION_MODE = wholemodule;
				SWIFT_OPTIMIZATION_LEVEL = "-O";
				VALIDATE_PRODUCT = YES;
			};
			name = Release;
		};
		AFE3D29127FAF409000C76E0 /* Debug */ = {
			isa = XCBuildConfiguration;
			buildSettings = {
				ASSETCATALOG_COMPILER_APPICON_NAME = AppIcon;
				ASSETCATALOG_COMPILER_GLOBAL_ACCENT_COLOR_NAME = AccentColor;
				CODE_SIGN_STYLE = Automatic;
				CURRENT_PROJECT_VERSION = 1;
				DEVELOPMENT_TEAM = 38WGZ2HF34;
				GENERATE_INFOPLIST_FILE = YES;
				INFOPLIST_FILE = MetalPlayground/Info.plist;
				INFOPLIST_KEY_UIApplicationSupportsIndirectInputEvents = YES;
				INFOPLIST_KEY_UILaunchStoryboardName = LaunchScreen;
				INFOPLIST_KEY_UIMainStoryboardFile = "";
				INFOPLIST_KEY_UISupportedInterfaceOrientations_iPad = "UIInterfaceOrientationPortrait UIInterfaceOrientationPortraitUpsideDown UIInterfaceOrientationLandscapeLeft UIInterfaceOrientationLandscapeRight";
				INFOPLIST_KEY_UISupportedInterfaceOrientations_iPhone = "UIInterfaceOrientationPortrait UIInterfaceOrientationLandscapeLeft UIInterfaceOrientationLandscapeRight";
				LD_RUNPATH_SEARCH_PATHS = (
					"$(inherited)",
					"@executable_path/Frameworks",
				);
				MARKETING_VERSION = 1.0;
				PRODUCT_BUNDLE_IDENTIFIER = com.johnnym.MetalPlayground;
				PRODUCT_NAME = "$(TARGET_NAME)";
				SWIFT_EMIT_LOC_STRINGS = YES;
				SWIFT_VERSION = 5.0;
				TARGETED_DEVICE_FAMILY = "1,2";
			};
			name = Debug;
		};
		AFE3D29227FAF409000C76E0 /* Release */ = {
			isa = XCBuildConfiguration;
			buildSettings = {
				ASSETCATALOG_COMPILER_APPICON_NAME = AppIcon;
				ASSETCATALOG_COMPILER_GLOBAL_ACCENT_COLOR_NAME = AccentColor;
				CODE_SIGN_STYLE = Automatic;
				CURRENT_PROJECT_VERSION = 1;
				DEVELOPMENT_TEAM = 38WGZ2HF34;
				GENERATE_INFOPLIST_FILE = YES;
				INFOPLIST_FILE = MetalPlayground/Info.plist;
				INFOPLIST_KEY_UIApplicationSupportsIndirectInputEvents = YES;
				INFOPLIST_KEY_UILaunchStoryboardName = LaunchScreen;
				INFOPLIST_KEY_UIMainStoryboardFile = "";
				INFOPLIST_KEY_UISupportedInterfaceOrientations_iPad = "UIInterfaceOrientationPortrait UIInterfaceOrientationPortraitUpsideDown UIInterfaceOrientationLandscapeLeft UIInterfaceOrientationLandscapeRight";
				INFOPLIST_KEY_UISupportedInterfaceOrientations_iPhone = "UIInterfaceOrientationPortrait UIInterfaceOrientationLandscapeLeft UIInterfaceOrientationLandscapeRight";
				LD_RUNPATH_SEARCH_PATHS = (
					"$(inherited)",
					"@executable_path/Frameworks",
				);
				MARKETING_VERSION = 1.0;
				PRODUCT_BUNDLE_IDENTIFIER = com.johnnym.MetalPlayground;
				PRODUCT_NAME = "$(TARGET_NAME)";
				SWIFT_EMIT_LOC_STRINGS = YES;
				SWIFT_VERSION = 5.0;
				TARGETED_DEVICE_FAMILY = "1,2";
			};
			name = Release;
		};
/* End XCBuildConfiguration section */

/* Begin XCConfigurationList section */
		AFE3D27727FAF408000C76E0 /* Build configuration list for PBXProject "MetalPlayground" */ = {
			isa = XCConfigurationList;
			buildConfigurations = (
				AFE3D28E27FAF409000C76E0 /* Debug */,
				AFE3D28F27FAF409000C76E0 /* Release */,
			);
			defaultConfigurationIsVisible = 0;
			defaultConfigurationName = Release;
		};
		AFE3D29027FAF409000C76E0 /* Build configuration list for PBXNativeTarget "MetalPlayground" */ = {
			isa = XCConfigurationList;
			buildConfigurations = (
				AFE3D29127FAF409000C76E0 /* Debug */,
				AFE3D29227FAF409000C76E0 /* Release */,
			);
			defaultConfigurationIsVisible = 0;
			defaultConfigurationName = Release;
		};
/* End XCConfigurationList section */
	};
	rootObject = AFE3D27427FAF408000C76E0 /* Project object */;
}
